// !$*UTF8*$!
{
	archiveVersion = 1;
	classes = {
	};
	objectVersion = 46;
	objects = {

/* Begin PBXBuildFile section */
		DFBCE4C71B31763E00892F0F /* AppDelegate.swift in Sources */ = {isa = PBXBuildFile; fileRef = DFBCE4C61B31763E00892F0F /* AppDelegate.swift */; };
		DFBCE4C91B31763E00892F0F /* PsychologistViewController.swift in Sources */ = {isa = PBXBuildFile; fileRef = DFBCE4C81B31763E00892F0F /* PsychologistViewController.swift */; };
		DFBCE4CC1B31763E00892F0F /* Main.storyboard in Resources */ = {isa = PBXBuildFile; fileRef = DFBCE4CA1B31763E00892F0F /* Main.storyboard */; };
		DFBCE4CE1B31763E00892F0F /* Images.xcassets in Resources */ = {isa = PBXBuildFile; fileRef = DFBCE4CD1B31763E00892F0F /* Images.xcassets */; };
		DFBCE4D11B31763E00892F0F /* LaunchScreen.xib in Resources */ = {isa = PBXBuildFile; fileRef = DFBCE4CF1B31763E00892F0F /* LaunchScreen.xib */; };
		DFBCE4DD1B31763E00892F0F /* PsychologistTests.swift in Sources */ = {isa = PBXBuildFile; fileRef = DFBCE4DC1B31763E00892F0F /* PsychologistTests.swift */; };
		DFF6957E1B326B8B0037D89F /* FaceView.swift in Sources */ = {isa = PBXBuildFile; fileRef = DFF6957D1B326B8B0037D89F /* FaceView.swift */; };
		DFF695801B326CD70037D89F /* HappinessViewController.swift in Sources */ = {isa = PBXBuildFile; fileRef = DFF6957F1B326CD70037D89F /* HappinessViewController.swift */; };
		DFF695821B32BC540037D89F /* TextViewController.swift in Sources */ = {isa = PBXBuildFile; fileRef = DFF695811B32BC540037D89F /* TextViewController.swift */; };
		DFF695841B32BE9A0037D89F /* DianosedHappinessViewController.swift in Sources */ = {isa = PBXBuildFile; fileRef = DFF695831B32BE9A0037D89F /* DianosedHappinessViewController.swift */; };
/* End PBXBuildFile section */

/* Begin PBXContainerItemProxy section */
		DFBCE4D71B31763E00892F0F /* PBXContainerItemProxy */ = {
			isa = PBXContainerItemProxy;
			containerPortal = DFBCE4B91B31763E00892F0F /* Project object */;
			proxyType = 1;
			remoteGlobalIDString = DFBCE4C01B31763E00892F0F;
			remoteInfo = Psychologist;
		};
/* End PBXContainerItemProxy section */

/* Begin PBXFileReference section */
		DFBCE4C11B31763E00892F0F /* Psychologist.app */ = {isa = PBXFileReference; explicitFileType = wrapper.application; includeInIndex = 0; path = Psychologist.app; sourceTree = BUILT_PRODUCTS_DIR; };
		DFBCE4C51B31763E00892F0F /* Info.plist */ = {isa = PBXFileReference; lastKnownFileType = text.plist.xml; path = Info.plist; sourceTree = "<group>"; };
		DFBCE4C61B31763E00892F0F /* AppDelegate.swift */ = {isa = PBXFileReference; lastKnownFileType = sourcecode.swift; path = AppDelegate.swift; sourceTree = "<group>"; };
		DFBCE4C81B31763E00892F0F /* PsychologistViewController.swift */ = {isa = PBXFileReference; lastKnownFileType = sourcecode.swift; path = PsychologistViewController.swift; sourceTree = "<group>"; };
		DFBCE4CB1B31763E00892F0F /* Base */ = {isa = PBXFileReference; lastKnownFileType = file.storyboard; name = Base; path = Base.lproj/Main.storyboard; sourceTree = "<group>"; };
		DFBCE4CD1B31763E00892F0F /* Images.xcassets */ = {isa = PBXFileReference; lastKnownFileType = folder.assetcatalog; path = Images.xcassets; sourceTree = "<group>"; };
		DFBCE4D01B31763E00892F0F /* Base */ = {isa = PBXFileReference; lastKnownFileType = file.xib; name = Base; path = Base.lproj/LaunchScreen.xib; sourceTree = "<group>"; };
		DFBCE4D61B31763E00892F0F /* PsychologistTests.xctest */ = {isa = PBXFileReference; explicitFileType = wrapper.cfbundle; includeInIndex = 0; path = PsychologistTests.xctest; sourceTree = BUILT_PRODUCTS_DIR; };
		DFBCE4DB1B31763E00892F0F /* Info.plist */ = {isa = PBXFileReference; lastKnownFileType = text.plist.xml; path = Info.plist; sourceTree = "<group>"; };
		DFBCE4DC1B31763E00892F0F /* PsychologistTests.swift */ = {isa = PBXFileReference; lastKnownFileType = sourcecode.swift; path = PsychologistTests.swift; sourceTree = "<group>"; };
		DFF6957D1B326B8B0037D89F /* FaceView.swift */ = {isa = PBXFileReference; fileEncoding = 4; lastKnownFileType = sourcecode.swift; path = FaceView.swift; sourceTree = "<group>"; };
		DFF6957F1B326CD70037D89F /* HappinessViewController.swift */ = {isa = PBXFileReference; fileEncoding = 4; lastKnownFileType = sourcecode.swift; path = HappinessViewController.swift; sourceTree = "<group>"; };
		DFF695811B32BC540037D89F /* TextViewController.swift */ = {isa = PBXFileReference; fileEncoding = 4; lastKnownFileType = sourcecode.swift; path = TextViewController.swift; sourceTree = "<group>"; };
		DFF695831B32BE9A0037D89F /* DianosedHappinessViewController.swift */ = {isa = PBXFileReference; fileEncoding = 4; lastKnownFileType = sourcecode.swift; path = DianosedHappinessViewController.swift; sourceTree = "<group>"; };
/* End PBXFileReference section */

/* Begin PBXFrameworksBuildPhase section */
		DFBCE4BE1B31763E00892F0F /* Frameworks */ = {
			isa = PBXFrameworksBuildPhase;
			buildActionMask = 2147483647;
			files = (
			);
			runOnlyForDeploymentPostprocessing = 0;
		};
		DFBCE4D31B31763E00892F0F /* Frameworks */ = {
			isa = PBXFrameworksBuildPhase;
			buildActionMask = 2147483647;
			files = (
			);
			runOnlyForDeploymentPostprocessing = 0;
		};
/* End PBXFrameworksBuildPhase section */

/* Begin PBXGroup section */
		DFBCE4B81B31763E00892F0F = {
			isa = PBXGroup;
			children = (
				DFBCE4C31B31763E00892F0F /* Psychologist */,
				DFBCE4D91B31763E00892F0F /* PsychologistTests */,
				DFBCE4C21B31763E00892F0F /* Products */,
			);
			sourceTree = "<group>";
		};
		DFBCE4C21B31763E00892F0F /* Products */ = {
			isa = PBXGroup;
			children = (
				DFBCE4C11B31763E00892F0F /* Psychologist.app */,
				DFBCE4D61B31763E00892F0F /* PsychologistTests.xctest */,
			);
			name = Products;
			sourceTree = "<group>";
		};
		DFBCE4C31B31763E00892F0F /* Psychologist */ = {
			isa = PBXGroup;
			children = (
				DFF6957F1B326CD70037D89F /* HappinessViewController.swift */,
				DFF695831B32BE9A0037D89F /* DianosedHappinessViewController.swift */,
				DFF6957D1B326B8B0037D89F /* FaceView.swift */,
				DFBCE4C81B31763E00892F0F /* PsychologistViewController.swift */,
				DFF695811B32BC540037D89F /* TextViewController.swift */,
				DFBCE4CA1B31763E00892F0F /* Main.storyboard */,
				DFBCE4C41B31763E00892F0F /* Supporting Files */,
			);
			path = Psychologist;
			sourceTree = "<group>";
		};
		DFBCE4C41B31763E00892F0F /* Supporting Files */ = {
			isa = PBXGroup;
			children = (
				DFBCE4C61B31763E00892F0F /* AppDelegate.swift */,
				DFBCE4CD1B31763E00892F0F /* Images.xcassets */,
				DFBCE4CF1B31763E00892F0F /* LaunchScreen.xib */,
				DFBCE4C51B31763E00892F0F /* Info.plist */,
			);
			name = "Supporting Files";
			sourceTree = "<group>";
		};
		DFBCE4D91B31763E00892F0F /* PsychologistTests */ = {
			isa = PBXGroup;
			children = (
				DFBCE4DC1B31763E00892F0F /* PsychologistTests.swift */,
				DFBCE4DA1B31763E00892F0F /* Supporting Files */,
			);
			path = PsychologistTests;
			sourceTree = "<group>";
		};
		DFBCE4DA1B31763E00892F0F /* Supporting Files */ = {
			isa = PBXGroup;
			children = (
				DFBCE4DB1B31763E00892F0F /* Info.plist */,
			);
			name = "Supporting Files";
			sourceTree = "<group>";
		};
/* End PBXGroup section */

/* Begin PBXNativeTarget section */
		DFBCE4C01B31763E00892F0F /* Psychologist */ = {
			isa = PBXNativeTarget;
			buildConfigurationList = DFBCE4E01B31763E00892F0F /* Build configuration list for PBXNativeTarget "Psychologist" */;
			buildPhases = (
				DFBCE4BD1B31763E00892F0F /* Sources */,
				DFBCE4BE1B31763E00892F0F /* Frameworks */,
				DFBCE4BF1B31763E00892F0F /* Resources */,
			);
			buildRules = (
			);
			dependencies = (
			);
			name = Psychologist;
			productName = Psychologist;
			productReference = DFBCE4C11B31763E00892F0F /* Psychologist.app */;
			productType = "com.apple.product-type.application";
		};
		DFBCE4D51B31763E00892F0F /* PsychologistTests */ = {
			isa = PBXNativeTarget;
			buildConfigurationList = DFBCE4E31B31763E00892F0F /* Build configuration list for PBXNativeTarget "PsychologistTests" */;
			buildPhases = (
				DFBCE4D21B31763E00892F0F /* Sources */,
				DFBCE4D31B31763E00892F0F /* Frameworks */,
				DFBCE4D41B31763E00892F0F /* Resources */,
			);
			buildRules = (
			);
			dependencies = (
				DFBCE4D81B31763E00892F0F /* PBXTargetDependency */,
			);
			name = PsychologistTests;
			productName = PsychologistTests;
			productReference = DFBCE4D61B31763E00892F0F /* PsychologistTests.xctest */;
			productType = "com.apple.product-type.bundle.unit-test";
		};
/* End PBXNativeTarget section */

/* Begin PBXProject section */
		DFBCE4B91B31763E00892F0F /* Project object */ = {
			isa = PBXProject;
			attributes = {
				LastUpgradeCheck = 0630;
				ORGANIZATIONNAME = "ralbatr Yi";
				TargetAttributes = {
					DFBCE4C01B31763E00892F0F = {
						CreatedOnToolsVersion = 6.3;
					};
					DFBCE4D51B31763E00892F0F = {
						CreatedOnToolsVersion = 6.3;
						TestTargetID = DFBCE4C01B31763E00892F0F;
					};
				};
			};
			buildConfigurationList = DFBCE4BC1B31763E00892F0F /* Build configuration list for PBXProject "Psychologist" */;
			compatibilityVersion = "Xcode 3.2";
			developmentRegion = English;
			hasScannedForEncodings = 0;
			knownRegions = (
				en,
				Base,
			);
			mainGroup = DFBCE4B81B31763E00892F0F;
			productRefGroup = DFBCE4C21B31763E00892F0F /* Products */;
			projectDirPath = "";
			projectRoot = "";
			targets = (
				DFBCE4C01B31763E00892F0F /* Psychologist */,
				DFBCE4D51B31763E00892F0F /* PsychologistTests */,
			);
		};
/* End PBXProject section */

/* Begin PBXResourcesBuildPhase section */
		DFBCE4BF1B31763E00892F0F /* Resources */ = {
			isa = PBXResourcesBuildPhase;
			buildActionMask = 2147483647;
			files = (
				DFBCE4CC1B31763E00892F0F /* Main.storyboard in Resources */,
				DFBCE4D11B31763E00892F0F /* LaunchScreen.xib in Resources */,
				DFBCE4CE1B31763E00892F0F /* Images.xcassets in Resources */,
			);
			runOnlyForDeploymentPostprocessing = 0;
		};
		DFBCE4D41B31763E00892F0F /* Resources */ = {
			isa = PBXResourcesBuildPhase;
			buildActionMask = 2147483647;
			files = (
			);
			runOnlyForDeploymentPostprocessing = 0;
		};
/* End PBXResourcesBuildPhase section */

/* Begin PBXSourcesBuildPhase section */
		DFBCE4BD1B31763E00892F0F /* Sources */ = {
			isa = PBXSourcesBuildPhase;
			buildActionMask = 2147483647;
			files = (
				DFF695821B32BC540037D89F /* TextViewController.swift in Sources */,
				DFBCE4C91B31763E00892F0F /* PsychologistViewController.swift in Sources */,
				DFBCE4C71B31763E00892F0F /* AppDelegate.swift in Sources */,
				DFF695841B32BE9A0037D89F /* DianosedHappinessViewController.swift in Sources */,
				DFF695801B326CD70037D89F /* HappinessViewController.swift in Sources */,
				DFF6957E1B326B8B0037D89F /* FaceView.swift in Sources */,
			);
			runOnlyForDeploymentPostprocessing = 0;
		};
		DFBCE4D21B31763E00892F0F /* Sources */ = {
			isa = PBXSourcesBuildPhase;
			buildActionMask = 2147483647;
			files = (
				DFBCE4DD1B31763E00892F0F /* PsychologistTests.swift in Sources */,
			);
			runOnlyForDeploymentPostprocessing = 0;
		};
/* End PBXSourcesBuildPhase section */

/* Begin PBXTargetDependency section */
		DFBCE4D81B31763E00892F0F /* PBXTargetDependency */ = {
			isa = PBXTargetDependency;
			target = DFBCE4C01B31763E00892F0F /* Psychologist */;
			targetProxy = DFBCE4D71B31763E00892F0F /* PBXContainerItemProxy */;
		};
/* End PBXTargetDependency section */

/* Begin PBXVariantGroup section */
		DFBCE4CA1B31763E00892F0F /* Main.storyboard */ = {
			isa = PBXVariantGroup;
			children = (
				DFBCE4CB1B31763E00892F0F /* Base */,
			);
			name = Main.storyboard;
			sourceTree = "<group>";
		};
		DFBCE4CF1B31763E00892F0F /* LaunchScreen.xib */ = {
			isa = PBXVariantGroup;
			children = (
				DFBCE4D01B31763E00892F0F /* Base */,
			);
			name = LaunchScreen.xib;
			sourceTree = "<group>";
		};
/* End PBXVariantGroup section */

/* Begin XCBuildConfiguration section */
		DFBCE4DE1B31763E00892F0F /* Debug */ = {
			isa = XCBuildConfiguration;
			buildSettings = {
				ALWAYS_SEARCH_USER_PATHS = NO;
				CLANG_CXX_LANGUAGE_STANDARD = "gnu++0x";
				CLANG_CXX_LIBRARY = "libc++";
				CLANG_ENABLE_MODULES = YES;
				CLANG_ENABLE_OBJC_ARC = YES;
				CLANG_WARN_BOOL_CONVERSION = YES;
				CLANG_WARN_CONSTANT_CONVERSION = YES;
				CLANG_WARN_DIRECT_OBJC_ISA_USAGE = YES_ERROR;
				CLANG_WARN_EMPTY_BODY = YES;
				CLANG_WARN_ENUM_CONVERSION = YES;
				CLANG_WARN_INT_CONVERSION = YES;
				CLANG_WARN_OBJC_ROOT_CLASS = YES_ERROR;
				CLANG_WARN_UNREACHABLE_CODE = YES;
				CLANG_WARN__DUPLICATE_METHOD_MATCH = YES;
				"CODE_SIGN_IDENTITY[sdk=iphoneos*]" = "iPhone Developer";
				COPY_PHASE_STRIP = NO;
				DEBUG_INFORMATION_FORMAT = "dwarf-with-dsym";
				ENABLE_STRICT_OBJC_MSGSEND = YES;
				GCC_C_LANGUAGE_STANDARD = gnu99;
				GCC_DYNAMIC_NO_PIC = NO;
				GCC_NO_COMMON_BLOCKS = YES;
				GCC_OPTIMIZATION_LEVEL = 0;
				GCC_PREPROCESSOR_DEFINITIONS = (
					"DEBUG=1",
					"$(inherited)",
				);
				GCC_SYMBOLS_PRIVATE_EXTERN = NO;
				GCC_WARN_64_TO_32_BIT_CONVERSION = YES;
				GCC_WARN_ABOUT_RETURN_TYPE = YES_ERROR;
				GCC_WARN_UNDECLARED_SELECTOR = YES;
				GCC_WARN_UNINITIALIZED_AUTOS = YES_AGGRESSIVE;
				GCC_WARN_UNUSED_FUNCTION = YES;
				GCC_WARN_UNUSED_VARIABLE = YES;
				IPHONEOS_DEPLOYMENT_TARGET = 8.3;
				MTL_ENABLE_DEBUG_INFO = YES;
				ONLY_ACTIVE_ARCH = YES;
				SDKROOT = iphoneos;
				SWIFT_OPTIMIZATION_LEVEL = "-Onone";
				TARGETED_DEVICE_FAMILY = "1,2";
			};
			name = Debug;
		};
		DFBCE4DF1B31763E00892F0F /* Release */ = {
			isa = XCBuildConfiguration;
			buildSettings = {
				ALWAYS_SEARCH_USER_PATHS = NO;
				CLANG_CXX_LANGUAGE_STANDARD = "gnu++0x";
				CLANG_CXX_LIBRARY = "libc++";
				CLANG_ENABLE_MODULES = YES;
				CLANG_ENABLE_OBJC_ARC = YES;
				CLANG_WARN_BOOL_CONVERSION = YES;
				CLANG_WARN_CONSTANT_CONVERSION = YES;
				CLANG_WARN_DIRECT_OBJC_ISA_USAGE = YES_ERROR;
				CLANG_WARN_EMPTY_BODY = YES;
				CLANG_WARN_ENUM_CONVERSION = YES;
				CLANG_WARN_INT_CONVERSION = YES;
				CLANG_WARN_OBJC_ROOT_CLASS = YES_ERROR;
				CLANG_WARN_UNREACHABLE_CODE = YES;
				CLANG_WARN__DUPLICATE_METHOD_MATCH = YES;
				"CODE_SIGN_IDENTITY[sdk=iphoneos*]" = "iPhone Developer";
				COPY_PHASE_STRIP = NO;
				DEBUG_INFORMATION_FORMAT = "dwarf-with-dsym";
				ENABLE_NS_ASSERTIONS = NO;
				ENABLE_STRICT_OBJC_MSGSEND = YES;
				GCC_C_LANGUAGE_STANDARD = gnu99;
				GCC_NO_COMMON_BLOCKS = YES;
				GCC_WARN_64_TO_32_BIT_CONVERSION = YES;
				GCC_WARN_ABOUT_RETURN_TYPE = YES_ERROR;
				GCC_WARN_UNDECLARED_SELECTOR = YES;
				GCC_WARN_UNINITIALIZED_AUTOS = YES_AGGRESSIVE;
				GCC_WARN_UNUSED_FUNCTION = YES;
				GCC_WARN_UNUSED_VARIABLE = YES;
				IPHONEOS_DEPLOYMENT_TARGET = 8.3;
				MTL_ENABLE_DEBUG_INFO = NO;
				SDKROOT = iphoneos;
				TARGETED_DEVICE_FAMILY = "1,2";
				VALIDATE_PRODUCT = YES;
			};
			name = Release;
		};
		DFBCE4E11B31763E00892F0F /* Debug */ = {
			isa = XCBuildConfiguration;
			buildSettings = {
				ASSETCATALOG_COMPILER_APPICON_NAME = AppIcon;
				INFOPLIST_FILE = Psychologist/Info.plist;
				LD_RUNPATH_SEARCH_PATHS = "$(inherited) @executable_path/Frameworks";
				PRODUCT_NAME = "$(TARGET_NAME)";
			};
			name = Debug;
		};
		DFBCE4E21B31763E00892F0F /* Release */ = {
			isa = XCBuildConfiguration;
			buildSettings = {
				ASSETCATALOG_COMPILER_APPICON_NAME = AppIcon;
				INFOPLIST_FILE = Psychologist/Info.plist;
				LD_RUNPATH_SEARCH_PATHS = "$(inherited) @executable_path/Frameworks";
				PRODUCT_NAME = "$(TARGET_NAME)";
			};
			name = Release;
		};
		DFBCE4E41B31763E00892F0F /* Debug */ = {
			isa = XCBuildConfiguration;
			buildSettings = {
				BUNDLE_LOADER = "$(TEST_HOST)";
				FRAMEWORK_SEARCH_PATHS = (
					"$(SDKROOT)/Developer/Library/Frameworks",
					"$(inherited)",
				);
				GCC_PREPROCESSOR_DEFINITIONS = (
					"DEBUG=1",
					"$(inherited)",
				);
				INFOPLIST_FILE = PsychologistTests/Info.plist;
				LD_RUNPATH_SEARCH_PATHS = "$(inherited) @executable_path/Frameworks @loader_path/Frameworks";
				PRODUCT_NAME = "$(TARGET_NAME)";
				TEST_HOST = "$(BUILT_PRODUCTS_DIR)/Psychologist.app/Psychologist";
			};
			name = Debug;
		};
		DFBCE4E51B31763E00892F0F /* Release */ = {
			isa = XCBuildConfiguration;
			buildSettings = {
				BUNDLE_LOADER = "$(TEST_HOST)";
				FRAMEWORK_SEARCH_PATHS = (
					"$(SDKROOT)/Developer/Library/Frameworks",
					"$(inherited)",
				);
				INFOPLIST_FILE = PsychologistTests/Info.plist;
				LD_RUNPATH_SEARCH_PATHS = "$(inherited) @executable_path/Frameworks @loader_path/Frameworks";
				PRODUCT_NAME = "$(TARGET_NAME)";
				TEST_HOST = "$(BUILT_PRODUCTS_DIR)/Psychologist.app/Psychologist";
			};
			name = Release;
		};
/* End XCBuildConfiguration section */

/* Begin XCConfigurationList section */
		DFBCE4BC1B31763E00892F0F /* Build configuration list for PBXProject "Psychologist" */ = {
			isa = XCConfigurationList;
			buildConfigurations = (
				DFBCE4DE1B31763E00892F0F /* Debug */,
				DFBCE4DF1B31763E00892F0F /* Release */,
			);
			defaultConfigurationIsVisible = 0;
			defaultConfigurationName = Release;
		};
		DFBCE4E01B31763E00892F0F /* Build configuration list for PBXNativeTarget "Psychologist" */ = {
			isa = XCConfigurationList;
			buildConfigurations = (
				DFBCE4E11B31763E00892F0F /* Debug */,
				DFBCE4E21B31763E00892F0F /* Release */,
			);
			defaultConfigurationIsVisible = 0;
			defaultConfigurationName = Release;
		};
		DFBCE4E31B31763E00892F0F /* Build configuration list for PBXNativeTarget "PsychologistTests" */ = {
			isa = XCConfigurationList;
			buildConfigurations = (
				DFBCE4E41B31763E00892F0F /* Debug */,
				DFBCE4E51B31763E00892F0F /* Release */,
			);
			defaultConfigurationIsVisible = 0;
			defaultConfigurationName = Release;
		};
/* End XCConfigurationList section */
	};
	rootObject = DFBCE4B91B31763E00892F0F /* Project object */;
}
